# THIS IS AN AUTOGENERATED FILE. DO NOT EDIT THIS FILE DIRECTLY.
# yarn lockfile v1


"@types/codemirror@0.0.82":
  version "0.0.82"
  resolved "https://registry.npm.taobao.org/@types/codemirror/download/@types/codemirror-0.0.82.tgz?cache=0&sync_timestamp=1613378308505&other_urls=https%3A%2F%2Fregistry.npm.taobao.org%2F%40types%2Fcodemirror%2Fdownload%2F%40types%2Fcodemirror-0.0.82.tgz#6d0c50036a023980318a6ed9f85ff5cc6b24172a"
  integrity sha1-bQxQA2oCOYAxim7Z+F/1zGskFyo=
  dependencies:
    "@types/tern" "*"

"@types/estree@*":
  version "0.0.46"
  resolved "https://registry.npm.taobao.org/@types/estree/download/@types/estree-0.0.46.tgz?cache=0&sync_timestamp=1613378414725&other_urls=https%3A%2F%2Fregistry.npm.taobao.org%2F%40types%2Festree%2Fdownload%2F%40types%2Festree-0.0.46.tgz#0fb6bfbbeabd7a30880504993369c4bf1deab1fe"
  integrity sha1-D7a/u+q9ejCIBQSZM2nEvx3qsf4=

"@types/tern@*":
  version "0.23.3"
  resolved "https://registry.npm.taobao.org/@types/tern/download/@types/tern-0.23.3.tgz#4b54538f04a88c9ff79de1f6f94f575a7f339460"
  integrity sha1-S1RTjwSojJ/3neH2+U9XWn8zlGA=
  dependencies:
    "@types/estree" "*"

typescript@^3.7.5:
  version "3.9.9"
  resolved "https://registry.npm.taobao.org/typescript/download/typescript-3.9.9.tgz?cache=0&sync_timestamp=1613978392370&other_urls=https%3A%2F%2Fregistry.npm.taobao.org%2Ftypescript%2Fdownload%2Ftypescript-3.9.9.tgz#e69905c54bc0681d0518bd4d587cc6f2d0b1a674"
  integrity sha1-5pkFxUvAaB0FGL1NWHzG8tCxpnQ=
